
Microsoft Visual Studio Solution File, Format Version 12.00
# Visual Studio 15
VisualStudioVersion = 15.0.28307.168
MinimumVisualStudioVersion = 10.0.40219.1
Project("{FAE04EC0-301F-11D3-BF4B-00C04F79EFBC}") = "GenLibrary", "GenLibrary\GenLibrary.csproj", "{F964782C-931A-49BE-B5FF-2570A2E38A7B}"
EndProject
Project("{FAE04EC0-301F-11D3-BF4B-00C04F79EFBC}") = "Just.Base", "Just.Base\Just.Base.csproj", "{C9B00AB1-8368-4900-8BBF-B756A40EB971}"
EndProject
Project("{FAE04EC0-301F-11D3-BF4B-00C04F79EFBC}") = "Just.Rev", "Just.Rev\Just.Rev.csproj", "{C2C12C5A-77DE-4D42-9FF0-4FEE226A002B}"
EndProject
Project("{FAE04EC0-301F-11D3-BF4B-00C04F79EFBC}") = "Just.RegexNet", "Just.RegexNet\Just.RegexNet.csproj", "{C6ADBA8E-D3DF-4FC3-ADA8-116D3596411F}"
EndProject
Project("{FAE04EC0-301F-11D3-BF4B-00C04F79EFBC}") = "Just.VersionFile", "Just.VersionFile\Just.VersionFile.csproj", "{5461481B-16D9-43F1-B93A-F470C2870E11}"
EndProject
Project("{FAE04EC0-301F-11D3-BF4B-00C04F79EFBC}") = "Just.WebsiteMklink", "Just.WebsiteMklink\Just.WebsiteMklink.csproj", "{6726B43F-B0E1-4550-8E63-329E911264ED}"
EndProject
Project("{FAE04EC0-301F-11D3-BF4B-00C04F79EFBC}") = "Just.WPF", "Just.WPF\Just.WPF.csproj", "{5BD65EBF-1AE4-40A0-9170-FF421C326B4F}"
	ProjectSection(ProjectDependencies) = postProject
		{23DE3413-0B6F-46EB-AEFF-C3BDB8387763} = {23DE3413-0B6F-46EB-AEFF-C3BDB8387763}
		{5461481B-16D9-43F1-B93A-F470C2870E11} = {5461481B-16D9-43F1-B93A-F470C2870E11}
		{6726B43F-B0E1-4550-8E63-329E911264ED} = {6726B43F-B0E1-4550-8E63-329E911264ED}
		{C2C12C5A-77DE-4D42-9FF0-4FEE226A002B} = {C2C12C5A-77DE-4D42-9FF0-4FEE226A002B}
		{6A522C74-69CF-4D79-AC60-B98F89BAA9EC} = {6A522C74-69CF-4D79-AC60-B98F89BAA9EC}
		{C6ADBA8E-D3DF-4FC3-ADA8-116D3596411F} = {C6ADBA8E-D3DF-4FC3-ADA8-116D3596411F}
		{2E2B87AA-31EE-445B-AE01-4BA2642A935C} = {2E2B87AA-31EE-445B-AE01-4BA2642A935C}
		{8B053CC8-BE76-4232-84FC-CDBB31D96353} = {8B053CC8-BE76-4232-84FC-CDBB31D96353}
		{6213E7F4-498F-428C-9D2F-033F77F8781E} = {6213E7F4-498F-428C-9D2F-033F77F8781E}
	EndProjectSection
EndProject
Project("{FAE04EC0-301F-11D3-BF4B-00C04F79EFBC}") = "Just.MongoDB", "Just.MongoDB\Just.MongoDB.csproj", "{8B053CC8-BE76-4232-84FC-CDBB31D96353}"
EndProject
Project("{FAE04EC0-301F-11D3-BF4B-00C04F79EFBC}") = "Just.ExtractTfs", "Just.ExtractTfs\Just.ExtractTfs.csproj", "{6A522C74-69CF-4D79-AC60-B98F89BAA9EC}"
EndProject
Project("{FAE04EC0-301F-11D3-BF4B-00C04F79EFBC}") = "Just.LogUDPClient", "Just.LogUDPClient\Just.LogUDPClient.csproj", "{2E2B87AA-31EE-445B-AE01-4BA2642A935C}"
EndProject
Project("{FAE04EC0-301F-11D3-BF4B-00C04F79EFBC}") = "Just.Data", "Just.Data\Just.Data.csproj", "{23DE3413-0B6F-46EB-AEFF-C3BDB8387763}"
EndProject
Project("{FAE04EC0-301F-11D3-BF4B-00C04F79EFBC}") = "Just.Attachment", "Just.Attachment\Just.Attachment.csproj", "{6213E7F4-498F-428C-9D2F-033F77F8781E}"
EndProject
Global
	GlobalSection(SolutionConfigurationPlatforms) = preSolution
		Debug|Any CPU = Debug|Any CPU
		Debug|x86 = Debug|x86
		Release|Any CPU = Release|Any CPU
		Release|x86 = Release|x86
	EndGlobalSection
	GlobalSection(ProjectConfigurationPlatforms) = postSolution
		{F964782C-931A-49BE-B5FF-2570A2E38A7B}.Debug|Any CPU.ActiveCfg = Debug|Any CPU
		{F964782C-931A-49BE-B5FF-2570A2E38A7B}.Debug|Any CPU.Build.0 = Debug|Any CPU
		{F964782C-931A-49BE-B5FF-2570A2E38A7B}.Debug|x86.ActiveCfg = Debug|Any CPU
		{F964782C-931A-49BE-B5FF-2570A2E38A7B}.Debug|x86.Build.0 = Debug|Any CPU
		{F964782C-931A-49BE-B5FF-2570A2E38A7B}.Release|Any CPU.ActiveCfg = Release|Any CPU
		{F964782C-931A-49BE-B5FF-2570A2E38A7B}.Release|Any CPU.Build.0 = Release|Any CPU
		{F964782C-931A-49BE-B5FF-2570A2E38A7B}.Release|x86.ActiveCfg = Release|Any CPU
		{F964782C-931A-49BE-B5FF-2570A2E38A7B}.Release|x86.Build.0 = Release|Any CPU
		{C9B00AB1-8368-4900-8BBF-B756A40EB971}.Debug|Any CPU.ActiveCfg = Debug|Any CPU
		{C9B00AB1-8368-4900-8BBF-B756A40EB971}.Debug|Any CPU.Build.0 = Debug|Any CPU
		{C9B00AB1-8368-4900-8BBF-B756A40EB971}.Debug|x86.ActiveCfg = Debug|Any CPU
		{C9B00AB1-8368-4900-8BBF-B756A40EB971}.Debug|x86.Build.0 = Debug|Any CPU
		{C9B00AB1-8368-4900-8BBF-B756A40EB971}.Release|Any CPU.ActiveCfg = Release|Any CPU
		{C9B00AB1-8368-4900-8BBF-B756A40EB971}.Release|Any CPU.Build.0 = Release|Any CPU
		{C9B00AB1-8368-4900-8BBF-B756A40EB971}.Release|x86.ActiveCfg = Release|Any CPU
		{C9B00AB1-8368-4900-8BBF-B756A40EB971}.Release|x86.Build.0 = Release|Any CPU
		{C2C12C5A-77DE-4D42-9FF0-4FEE226A002B}.Debug|Any CPU.ActiveCfg = Debug|Any CPU
		{C2C12C5A-77DE-4D42-9FF0-4FEE226A002B}.Debug|Any CPU.Build.0 = Debug|Any CPU
		{C2C12C5A-77DE-4D42-9FF0-4FEE226A002B}.Debug|x86.ActiveCfg = Debug|Any CPU
		{C2C12C5A-77DE-4D42-9FF0-4FEE226A002B}.Debug|x86.Build.0 = Debug|Any CPU
		{C2C12C5A-77DE-4D42-9FF0-4FEE226A002B}.Release|Any CPU.ActiveCfg = Release|Any CPU
		{C2C12C5A-77DE-4D42-9FF0-4FEE226A002B}.Release|Any CPU.Build.0 = Release|Any CPU
		{C2C12C5A-77DE-4D42-9FF0-4FEE226A002B}.Release|x86.ActiveCfg = Release|Any CPU
		{C2C12C5A-77DE-4D42-9FF0-4FEE226A002B}.Release|x86.Build.0 = Release|Any CPU
		{C6ADBA8E-D3DF-4FC3-ADA8-116D3596411F}.Debug|Any CPU.ActiveCfg = Debug|Any CPU
		{C6ADBA8E-D3DF-4FC3-ADA8-116D3596411F}.Debug|Any CPU.Build.0 = Debug|Any CPU
		{C6ADBA8E-D3DF-4FC3-ADA8-116D3596411F}.Debug|x86.ActiveCfg = Debug|Any CPU
		{C6ADBA8E-D3DF-4FC3-ADA8-116D3596411F}.Debug|x86.Build.0 = Debug|Any CPU
		{C6ADBA8E-D3DF-4FC3-ADA8-116D3596411F}.Release|Any CPU.ActiveCfg = Release|Any CPU
		{C6ADBA8E-D3DF-4FC3-ADA8-116D3596411F}.Release|Any CPU.Build.0 = Release|Any CPU
		{C6ADBA8E-D3DF-4FC3-ADA8-116D3596411F}.Release|x86.ActiveCfg = Release|Any CPU
		{C6ADBA8E-D3DF-4FC3-ADA8-116D3596411F}.Release|x86.Build.0 = Release|Any CPU
		{5461481B-16D9-43F1-B93A-F470C2870E11}.Debug|Any CPU.ActiveCfg = Debug|Any CPU
		{5461481B-16D9-43F1-B93A-F470C2870E11}.Debug|Any CPU.Build.0 = Debug|Any CPU
		{5461481B-16D9-43F1-B93A-F470C2870E11}.Debug|x86.ActiveCfg = Debug|Any CPU
		{5461481B-16D9-43F1-B93A-F470C2870E11}.Debug|x86.Build.0 = Debug|Any CPU
		{5461481B-16D9-43F1-B93A-F470C2870E11}.Release|Any CPU.ActiveCfg = Release|Any CPU
		{5461481B-16D9-43F1-B93A-F470C2870E11}.Release|Any CPU.Build.0 = Release|Any CPU
		{5461481B-16D9-43F1-B93A-F470C2870E11}.Release|x86.ActiveCfg = Release|Any CPU
		{5461481B-16D9-43F1-B93A-F470C2870E11}.Release|x86.Build.0 = Release|Any CPU
		{6726B43F-B0E1-4550-8E63-329E911264ED}.Debug|Any CPU.ActiveCfg = Debug|Any CPU
		{6726B43F-B0E1-4550-8E63-329E911264ED}.Debug|Any CPU.Build.0 = Debug|Any CPU
		{6726B43F-B0E1-4550-8E63-329E911264ED}.Debug|x86.ActiveCfg = Debug|Any CPU
		{6726B43F-B0E1-4550-8E63-329E911264ED}.Debug|x86.Build.0 = Debug|Any CPU
		{6726B43F-B0E1-4550-8E63-329E911264ED}.Release|Any CPU.ActiveCfg = Release|Any CPU
		{6726B43F-B0E1-4550-8E63-329E911264ED}.Release|Any CPU.Build.0 = Release|Any CPU
		{6726B43F-B0E1-4550-8E63-329E911264ED}.Release|x86.ActiveCfg = Release|Any CPU
		{6726B43F-B0E1-4550-8E63-329E911264ED}.Release|x86.Build.0 = Release|Any CPU
		{5BD65EBF-1AE4-40A0-9170-FF421C326B4F}.Debug|Any CPU.ActiveCfg = Debug|Any CPU
		{5BD65EBF-1AE4-40A0-9170-FF421C326B4F}.Debug|Any CPU.Build.0 = Debug|Any CPU
		{5BD65EBF-1AE4-40A0-9170-FF421C326B4F}.Debug|x86.ActiveCfg = Debug|Any CPU
		{5BD65EBF-1AE4-40A0-9170-FF421C326B4F}.Debug|x86.Build.0 = Debug|Any CPU
		{5BD65EBF-1AE4-40A0-9170-FF421C326B4F}.Release|Any CPU.ActiveCfg = Release|Any CPU
		{5BD65EBF-1AE4-40A0-9170-FF421C326B4F}.Release|Any CPU.Build.0 = Release|Any CPU
		{5BD65EBF-1AE4-40A0-9170-FF421C326B4F}.Release|x86.ActiveCfg = Release|Any CPU
		{5BD65EBF-1AE4-40A0-9170-FF421C326B4F}.Release|x86.Build.0 = Release|Any CPU
		{8B053CC8-BE76-4232-84FC-CDBB31D96353}.Debug|Any CPU.ActiveCfg = Debug|Any CPU
		{8B053CC8-BE76-4232-84FC-CDBB31D96353}.Debug|Any CPU.Build.0 = Debug|Any CPU
		{8B053CC8-BE76-4232-84FC-CDBB31D96353}.Debug|x86.ActiveCfg = Debug|Any CPU
		{8B053CC8-BE76-4232-84FC-CDBB31D96353}.Debug|x86.Build.0 = Debug|Any CPU
		{8B053CC8-BE76-4232-84FC-CDBB31D96353}.Release|Any CPU.ActiveCfg = Release|Any CPU
		{8B053CC8-BE76-4232-84FC-CDBB31D96353}.Release|Any CPU.Build.0 = Release|Any CPU
		{8B053CC8-BE76-4232-84FC-CDBB31D96353}.Release|x86.ActiveCfg = Release|Any CPU
		{8B053CC8-BE76-4232-84FC-CDBB31D96353}.Release|x86.Build.0 = Release|Any CPU
		{6A522C74-69CF-4D79-AC60-B98F89BAA9EC}.Debug|Any CPU.ActiveCfg = Debug|Any CPU
		{6A522C74-69CF-4D79-AC60-B98F89BAA9EC}.Debug|Any CPU.Build.0 = Debug|Any CPU
		{6A522C74-69CF-4D79-AC60-B98F89BAA9EC}.Debug|x86.ActiveCfg = Debug|Any CPU
		{6A522C74-69CF-4D79-AC60-B98F89BAA9EC}.Debug|x86.Build.0 = Debug|Any CPU
		{6A522C74-69CF-4D79-AC60-B98F89BAA9EC}.Release|Any CPU.ActiveCfg = Release|Any CPU
		{6A522C74-69CF-4D79-AC60-B98F89BAA9EC}.Release|Any CPU.Build.0 = Release|Any CPU
		{6A522C74-69CF-4D79-AC60-B98F89BAA9EC}.Release|x86.ActiveCfg = Release|Any CPU
		{6A522C74-69CF-4D79-AC60-B98F89BAA9EC}.Release|x86.Build.0 = Release|Any CPU
		{2E2B87AA-31EE-445B-AE01-4BA2642A935C}.Debug|Any CPU.ActiveCfg = Debug|Any CPU
		{2E2B87AA-31EE-445B-AE01-4BA2642A935C}.Debug|Any CPU.Build.0 = Debug|Any CPU
		{2E2B87AA-31EE-445B-AE01-4BA2642A935C}.Debug|x86.ActiveCfg = Debug|Any CPU
		{2E2B87AA-31EE-445B-AE01-4BA2642A935C}.Debug|x86.Build.0 = Debug|Any CPU
		{2E2B87AA-31EE-445B-AE01-4BA2642A935C}.Release|Any CPU.ActiveCfg = Release|Any CPU
		{2E2B87AA-31EE-445B-AE01-4BA2642A935C}.Release|Any CPU.Build.0 = Release|Any CPU
		{2E2B87AA-31EE-445B-AE01-4BA2642A935C}.Release|x86.ActiveCfg = Release|Any CPU
		{2E2B87AA-31EE-445B-AE01-4BA2642A935C}.Release|x86.Build.0 = Release|Any CPU
		{23DE3413-0B6F-46EB-AEFF-C3BDB8387763}.Debug|Any CPU.ActiveCfg = Debug|Any CPU
		{23DE3413-0B6F-46EB-AEFF-C3BDB8387763}.Debug|Any CPU.Build.0 = Debug|Any CPU
		{23DE3413-0B6F-46EB-AEFF-C3BDB8387763}.Debug|x86.ActiveCfg = Debug|Any CPU
		{23DE3413-0B6F-46EB-AEFF-C3BDB8387763}.Debug|x86.Build.0 = Debug|Any CPU
		{23DE3413-0B6F-46EB-AEFF-C3BDB8387763}.Release|Any CPU.ActiveCfg = Release|Any CPU
		{23DE3413-0B6F-46EB-AEFF-C3BDB8387763}.Release|Any CPU.Build.0 = Release|Any CPU
		{23DE3413-0B6F-46EB-AEFF-C3BDB8387763}.Release|x86.ActiveCfg = Release|Any CPU
		{23DE3413-0B6F-46EB-AEFF-C3BDB8387763}.Release|x86.Build.0 = Release|Any CPU
		{6213E7F4-498F-428C-9D2F-033F77F8781E}.Debug|Any CPU.ActiveCfg = Debug|Any CPU
		{6213E7F4-498F-428C-9D2F-033F77F8781E}.Debug|Any CPU.Build.0 = Debug|Any CPU
		{6213E7F4-498F-428C-9D2F-033F77F8781E}.Debug|x86.ActiveCfg = Debug|Any CPU
		{6213E7F4-498F-428C-9D2F-033F77F8781E}.Debug|x86.Build.0 = Debug|Any CPU
		{6213E7F4-498F-428C-9D2F-033F77F8781E}.Release|Any CPU.ActiveCfg = Release|Any CPU
		{6213E7F4-498F-428C-9D2F-033F77F8781E}.Release|Any CPU.Build.0 = Release|Any CPU
		{6213E7F4-498F-428C-9D2F-033F77F8781E}.Release|x86.ActiveCfg = Release|Any CPU
		{6213E7F4-498F-428C-9D2F-033F77F8781E}.Release|x86.Build.0 = Release|Any CPU
	EndGlobalSection
	GlobalSection(SolutionProperties) = preSolution
		HideSolutionNode = FALSE
	EndGlobalSection
	GlobalSection(ExtensibilityGlobals) = postSolution
		SolutionGuid = {D20134AC-91B2-48B2-8B32-2CD236334180}
	EndGlobalSection
EndGlobal
